// !$*UTF8*$!
{
	archiveVersion = 1;
	classes = {
	};
	objectVersion = 55;
	objects = {

/* Begin PBXBuildFile section */
		F2079710273034BF00647273 /* Start.swift in Sources */ = {isa = PBXBuildFile; fileRef = F207970F273034BF00647273 /* Start.swift */; };
		F2FD0971272AA08F00F8D71A /* ios_reduxApp.swift in Sources */ = {isa = PBXBuildFile; fileRef = F2FD0970272AA08F00F8D71A /* ios_reduxApp.swift */; };
		F2FD0973272AA08F00F8D71A /* ContentView.swift in Sources */ = {isa = PBXBuildFile; fileRef = F2FD0972272AA08F00F8D71A /* ContentView.swift */; };
		F2FD0975272AA09900F8D71A /* Assets.xcassets in Resources */ = {isa = PBXBuildFile; fileRef = F2FD0974272AA09900F8D71A /* Assets.xcassets */; };
		F2FD0978272AA09900F8D71A /* Preview Assets.xcassets in Resources */ = {isa = PBXBuildFile; fileRef = F2FD0977272AA09900F8D71A /* Preview Assets.xcassets */; };
		F2FD0982272AA09A00F8D71A /* ios_reduxTests.swift in Sources */ = {isa = PBXBuildFile; fileRef = F2FD0981272AA09A00F8D71A /* ios_reduxTests.swift */; };
		F2FD098C272AA09A00F8D71A /* ios_reduxUITests.swift in Sources */ = {isa = PBXBuildFile; fileRef = F2FD098B272AA09A00F8D71A /* ios_reduxUITests.swift */; };
		F2FD098E272AA09A00F8D71A /* ios_reduxUITestsLaunchTests.swift in Sources */ = {isa = PBXBuildFile; fileRef = F2FD098D272AA09A00F8D71A /* ios_reduxUITestsLaunchTests.swift */; };
		F2FD099D272AA18A00F8D71A /* Store.swift in Sources */ = {isa = PBXBuildFile; fileRef = F2FD099C272AA18A00F8D71A /* Store.swift */; };
		F2FD099E272AA18A00F8D71A /* Store.swift in Sources */ = {isa = PBXBuildFile; fileRef = F2FD099C272AA18A00F8D71A /* Store.swift */; };
		F2FD099F272AA18A00F8D71A /* Store.swift in Sources */ = {isa = PBXBuildFile; fileRef = F2FD099C272AA18A00F8D71A /* Store.swift */; };
		F2FD09A1272AA19A00F8D71A /* Reducer.swift in Sources */ = {isa = PBXBuildFile; fileRef = F2FD09A0272AA19A00F8D71A /* Reducer.swift */; };
		F2FD09A2272AA19A00F8D71A /* Reducer.swift in Sources */ = {isa = PBXBuildFile; fileRef = F2FD09A0272AA19A00F8D71A /* Reducer.swift */; };
		F2FD09A3272AA19A00F8D71A /* Reducer.swift in Sources */ = {isa = PBXBuildFile; fileRef = F2FD09A0272AA19A00F8D71A /* Reducer.swift */; };
		F2FD09A5272AA1A300F8D71A /* Actions.swift in Sources */ = {isa = PBXBuildFile; fileRef = F2FD09A4272AA1A300F8D71A /* Actions.swift */; };
		F2FD09A6272AA1A300F8D71A /* Actions.swift in Sources */ = {isa = PBXBuildFile; fileRef = F2FD09A4272AA1A300F8D71A /* Actions.swift */; };
		F2FD09A7272AA1A300F8D71A /* Actions.swift in Sources */ = {isa = PBXBuildFile; fileRef = F2FD09A4272AA1A300F8D71A /* Actions.swift */; };
		F2FD09A9272AA1B400F8D71A /* State.swift in Sources */ = {isa = PBXBuildFile; fileRef = F2FD09A8272AA1B400F8D71A /* State.swift */; };
		F2FD09AA272AA1B400F8D71A /* State.swift in Sources */ = {isa = PBXBuildFile; fileRef = F2FD09A8272AA1B400F8D71A /* State.swift */; };
		F2FD09AB272AA1B400F8D71A /* State.swift in Sources */ = {isa = PBXBuildFile; fileRef = F2FD09A8272AA1B400F8D71A /* State.swift */; };
		F2FD09AF272AA28100F8D71A /* ExampleMiddleware.swift in Sources */ = {isa = PBXBuildFile; fileRef = F2FD09AE272AA28100F8D71A /* ExampleMiddleware.swift */; };
		F2FD09B0272AA28100F8D71A /* ExampleMiddleware.swift in Sources */ = {isa = PBXBuildFile; fileRef = F2FD09AE272AA28100F8D71A /* ExampleMiddleware.swift */; };
		F2FD09B1272AA28100F8D71A /* ExampleMiddleware.swift in Sources */ = {isa = PBXBuildFile; fileRef = F2FD09AE272AA28100F8D71A /* ExampleMiddleware.swift */; };
/* End PBXBuildFile section */

/* Begin PBXContainerItemProxy section */
		F2FD097E272AA09A00F8D71A /* PBXContainerItemProxy */ = {
			isa = PBXContainerItemProxy;
			containerPortal = F2FD0965272AA08F00F8D71A /* Project object */;
			proxyType = 1;
			remoteGlobalIDString = F2FD096C272AA08F00F8D71A;
			remoteInfo = "ios-redux";
		};
		F2FD0988272AA09A00F8D71A /* PBXContainerItemProxy */ = {
			isa = PBXContainerItemProxy;
			containerPortal = F2FD0965272AA08F00F8D71A /* Project object */;
			proxyType = 1;
			remoteGlobalIDString = F2FD096C272AA08F00F8D71A;
			remoteInfo = "ios-redux";
		};
/* End PBXContainerItemProxy section */

/* Begin PBXFileReference section */
		F207970F273034BF00647273 /* Start.swift */ = {isa = PBXFileReference; lastKnownFileType = sourcecode.swift; path = Start.swift; sourceTree = "<group>"; };
		F2FD096D272AA08F00F8D71A /* ios-redux.app */ = {isa = PBXFileReference; explicitFileType = wrapper.application; includeInIndex = 0; path = "ios-redux.app"; sourceTree = BUILT_PRODUCTS_DIR; };
		F2FD0970272AA08F00F8D71A /* ios_reduxApp.swift */ = {isa = PBXFileReference; lastKnownFileType = sourcecode.swift; path = ios_reduxApp.swift; sourceTree = "<group>"; };
		F2FD0972272AA08F00F8D71A /* ContentView.swift */ = {isa = PBXFileReference; lastKnownFileType = sourcecode.swift; path = ContentView.swift; sourceTree = "<group>"; };
		F2FD0974272AA09900F8D71A /* Assets.xcassets */ = {isa = PBXFileReference; lastKnownFileType = folder.assetcatalog; path = Assets.xcassets; sourceTree = "<group>"; };
		F2FD0977272AA09900F8D71A /* Preview Assets.xcassets */ = {isa = PBXFileReference; lastKnownFileType = folder.assetcatalog; path = "Preview Assets.xcassets"; sourceTree = "<group>"; };
		F2FD097D272AA09A00F8D71A /* ios-reduxTests.xctest */ = {isa = PBXFileReference; explicitFileType = wrapper.cfbundle; includeInIndex = 0; path = "ios-reduxTests.xctest"; sourceTree = BUILT_PRODUCTS_DIR; };
		F2FD0981272AA09A00F8D71A /* ios_reduxTests.swift */ = {isa = PBXFileReference; lastKnownFileType = sourcecode.swift; path = ios_reduxTests.swift; sourceTree = "<group>"; };
		F2FD0987272AA09A00F8D71A /* ios-reduxUITests.xctest */ = {isa = PBXFileReference; explicitFileType = wrapper.cfbundle; includeInIndex = 0; path = "ios-reduxUITests.xctest"; sourceTree = BUILT_PRODUCTS_DIR; };
		F2FD098B272AA09A00F8D71A /* ios_reduxUITests.swift */ = {isa = PBXFileReference; lastKnownFileType = sourcecode.swift; path = ios_reduxUITests.swift; sourceTree = "<group>"; };
		F2FD098D272AA09A00F8D71A /* ios_reduxUITestsLaunchTests.swift */ = {isa = PBXFileReference; lastKnownFileType = sourcecode.swift; path = ios_reduxUITestsLaunchTests.swift; sourceTree = "<group>"; };
		F2FD099C272AA18A00F8D71A /* Store.swift */ = {isa = PBXFileReference; lastKnownFileType = sourcecode.swift; path = Store.swift; sourceTree = "<group>"; };
		F2FD09A0272AA19A00F8D71A /* Reducer.swift */ = {isa = PBXFileReference; lastKnownFileType = sourcecode.swift; path = Reducer.swift; sourceTree = "<group>"; };
		F2FD09A4272AA1A300F8D71A /* Actions.swift */ = {isa = PBXFileReference; lastKnownFileType = sourcecode.swift; path = Actions.swift; sourceTree = "<group>"; };
		F2FD09A8272AA1B400F8D71A /* State.swift */ = {isa = PBXFileReference; lastKnownFileType = sourcecode.swift; path = State.swift; sourceTree = "<group>"; };
		F2FD09AE272AA28100F8D71A /* ExampleMiddleware.swift */ = {isa = PBXFileReference; lastKnownFileType = sourcecode.swift; path = ExampleMiddleware.swift; sourceTree = "<group>"; };
/* End PBXFileReference section */

/* Begin PBXFrameworksBuildPhase section */
		F2FD096A272AA08F00F8D71A /* Frameworks */ = {
			isa = PBXFrameworksBuildPhase;
			buildActionMask = 2147483647;
			files = (
			);
			runOnlyForDeploymentPostprocessing = 0;
		};
		F2FD097A272AA09A00F8D71A /* Frameworks */ = {
			isa = PBXFrameworksBuildPhase;
			buildActionMask = 2147483647;
			files = (
			);
			runOnlyForDeploymentPostprocessing = 0;
		};
		F2FD0984272AA09A00F8D71A /* Frameworks */ = {
			isa = PBXFrameworksBuildPhase;
			buildActionMask = 2147483647;
			files = (
			);
			runOnlyForDeploymentPostprocessing = 0;
		};
/* End PBXFrameworksBuildPhase section */

/* Begin PBXGroup section */
		F2FD0964272AA08F00F8D71A = {
			isa = PBXGroup;
			children = (
				F2FD096F272AA08F00F8D71A /* ios-redux */,
				F2FD0980272AA09A00F8D71A /* ios-reduxTests */,
				F2FD098A272AA09A00F8D71A /* ios-reduxUITests */,
				F2FD096E272AA08F00F8D71A /* Products */,
			);
			sourceTree = "<group>";
		};
		F2FD096E272AA08F00F8D71A /* Products */ = {
			isa = PBXGroup;
			children = (
				F2FD096D272AA08F00F8D71A /* ios-redux.app */,
				F2FD097D272AA09A00F8D71A /* ios-reduxTests.xctest */,
				F2FD0987272AA09A00F8D71A /* ios-reduxUITests.xctest */,
			);
			name = Products;
			sourceTree = "<group>";
		};
		F2FD096F272AA08F00F8D71A /* ios-redux */ = {
			isa = PBXGroup;
			children = (
				F2FD099A272AA0E300F8D71A /* Store */,
				F2FD099B272AA0F600F8D71A /* Views */,
				F2FD0970272AA08F00F8D71A /* ios_reduxApp.swift */,
				F2FD0974272AA09900F8D71A /* Assets.xcassets */,
				F2FD0976272AA09900F8D71A /* Preview Content */,
			);
			path = "ios-redux";
			sourceTree = "<group>";
		};
		F2FD0976272AA09900F8D71A /* Preview Content */ = {
			isa = PBXGroup;
			children = (
				F2FD0977272AA09900F8D71A /* Preview Assets.xcassets */,
			);
			path = "Preview Content";
			sourceTree = "<group>";
		};
		F2FD0980272AA09A00F8D71A /* ios-reduxTests */ = {
			isa = PBXGroup;
			children = (
				F2FD0981272AA09A00F8D71A /* ios_reduxTests.swift */,
			);
			path = "ios-reduxTests";
			sourceTree = "<group>";
		};
		F2FD098A272AA09A00F8D71A /* ios-reduxUITests */ = {
			isa = PBXGroup;
			children = (
				F2FD098B272AA09A00F8D71A /* ios_reduxUITests.swift */,
				F2FD098D272AA09A00F8D71A /* ios_reduxUITestsLaunchTests.swift */,
			);
			path = "ios-reduxUITests";
			sourceTree = "<group>";
		};
		F2FD099A272AA0E300F8D71A /* Store */ = {
			isa = PBXGroup;
			children = (
				F2FD09AC272AA20800F8D71A /* Middlewares */,
				F2FD09A4272AA1A300F8D71A /* Actions.swift */,
				F2FD09A0272AA19A00F8D71A /* Reducer.swift */,
				F2FD09A8272AA1B400F8D71A /* State.swift */,
				F2FD099C272AA18A00F8D71A /* Store.swift */,
			);
			path = Store;
			sourceTree = "<group>";
		};
		F2FD099B272AA0F600F8D71A /* Views */ = {
			isa = PBXGroup;
			children = (
				F2FD0972272AA08F00F8D71A /* ContentView.swift */,
				F207970F273034BF00647273 /* Start.swift */,
			);
			path = Views;
			sourceTree = "<group>";
		};
		F2FD09AC272AA20800F8D71A /* Middlewares */ = {
			isa = PBXGroup;
			children = (
				F2FD09AE272AA28100F8D71A /* ExampleMiddleware.swift */,
			);
			path = Middlewares;
			sourceTree = "<group>";
		};
/* End PBXGroup section */

/* Begin PBXNativeTarget section */
		F2FD096C272AA08F00F8D71A /* ios-redux */ = {
			isa = PBXNativeTarget;
			buildConfigurationList = F2FD0991272AA09A00F8D71A /* Build configuration list for PBXNativeTarget "ios-redux" */;
			buildPhases = (
				F2FD0969272AA08F00F8D71A /* Sources */,
				F2FD096A272AA08F00F8D71A /* Frameworks */,
				F2FD096B272AA08F00F8D71A /* Resources */,
			);
			buildRules = (
			);
			dependencies = (
			);
			name = "ios-redux";
			packageProductDependencies = (
			);
			productName = "ios-redux";
			productReference = F2FD096D272AA08F00F8D71A /* ios-redux.app */;
			productType = "com.apple.product-type.application";
		};
		F2FD097C272AA09A00F8D71A /* ios-reduxTests */ = {
			isa = PBXNativeTarget;
			buildConfigurationList = F2FD0994272AA09A00F8D71A /* Build configuration list for PBXNativeTarget "ios-reduxTests" */;
			buildPhases = (
				F2FD0979272AA09A00F8D71A /* Sources */,
				F2FD097A272AA09A00F8D71A /* Frameworks */,
				F2FD097B272AA09A00F8D71A /* Resources */,
			);
			buildRules = (
			);
			dependencies = (
				F2FD097F272AA09A00F8D71A /* PBXTargetDependency */,
			);
			name = "ios-reduxTests";
			productName = "ios-reduxTests";
			productReference = F2FD097D272AA09A00F8D71A /* ios-reduxTests.xctest */;
			productType = "com.apple.product-type.bundle.unit-test";
		};
		F2FD0986272AA09A00F8D71A /* ios-reduxUITests */ = {
			isa = PBXNativeTarget;
			buildConfigurationList = F2FD0997272AA09A00F8D71A /* Build configuration list for PBXNativeTarget "ios-reduxUITests" */;
			buildPhases = (
				F2FD0983272AA09A00F8D71A /* Sources */,
				F2FD0984272AA09A00F8D71A /* Frameworks */,
				F2FD0985272AA09A00F8D71A /* Resources */,
			);
			buildRules = (
			);
			dependencies = (
				F2FD0989272AA09A00F8D71A /* PBXTargetDependency */,
			);
			name = "ios-reduxUITests";
			productName = "ios-reduxUITests";
			productReference = F2FD0987272AA09A00F8D71A /* ios-reduxUITests.xctest */;
			productType = "com.apple.product-type.bundle.ui-testing";
		};
/* End PBXNativeTarget section */

/* Begin PBXProject section */
		F2FD0965272AA08F00F8D71A /* Project object */ = {
			isa = PBXProject;
			attributes = {
				BuildIndependentTargetsInParallel = 1;
				LastSwiftUpdateCheck = 1300;
				LastUpgradeCheck = 1300;
				TargetAttributes = {
					F2FD096C272AA08F00F8D71A = {
						CreatedOnToolsVersion = 13.0;
					};
					F2FD097C272AA09A00F8D71A = {
						CreatedOnToolsVersion = 13.0;
						TestTargetID = F2FD096C272AA08F00F8D71A;
					};
					F2FD0986272AA09A00F8D71A = {
						CreatedOnToolsVersion = 13.0;
						TestTargetID = F2FD096C272AA08F00F8D71A;
					};
				};
			};
			buildConfigurationList = F2FD0968272AA08F00F8D71A /* Build configuration list for PBXProject "ios-redux" */;
			compatibilityVersion = "Xcode 13.0";
			developmentRegion = en;
			hasScannedForEncodings = 0;
			knownRegions = (
				en,
				Base,
			);
			mainGroup = F2FD0964272AA08F00F8D71A;
			packageReferences = (
			);
			productRefGroup = F2FD096E272AA08F00F8D71A /* Products */;
			projectDirPath = "";
			projectRoot = "";
			targets = (
				F2FD096C272AA08F00F8D71A /* ios-redux */,
				F2FD097C272AA09A00F8D71A /* ios-reduxTests */,
				F2FD0986272AA09A00F8D71A /* ios-reduxUITests */,
			);
		};
/* End PBXProject section */

/* Begin PBXResourcesBuildPhase section */
		F2FD096B272AA08F00F8D71A /* Resources */ = {
			isa = PBXResourcesBuildPhase;
			buildActionMask = 2147483647;
			files = (
				F2FD0978272AA09900F8D71A /* Preview Assets.xcassets in Resources */,
				F2FD0975272AA09900F8D71A /* Assets.xcassets in Resources */,
			);
			runOnlyForDeploymentPostprocessing = 0;
		};
		F2FD097B272AA09A00F8D71A /* Resources */ = {
			isa = PBXResourcesBuildPhase;
			buildActionMask = 2147483647;
			files = (
			);
			runOnlyForDeploymentPostprocessing = 0;
		};
		F2FD0985272AA09A00F8D71A /* Resources */ = {
			isa = PBXResourcesBuildPhase;
			buildActionMask = 2147483647;
			files = (
			);
			runOnlyForDeploymentPostprocessing = 0;
		};
/* End PBXResourcesBuildPhase section */

/* Begin PBXSourcesBuildPhase section */
		F2FD0969272AA08F00F8D71A /* Sources */ = {
			isa = PBXSourcesBuildPhase;
			buildActionMask = 2147483647;
			files = (
				F2FD09A5272AA1A300F8D71A /* Actions.swift in Sources */,
				F2FD099D272AA18A00F8D71A /* Store.swift in Sources */,
				F2FD0973272AA08F00F8D71A /* ContentView.swift in Sources */,
				F2FD09A1272AA19A00F8D71A /* Reducer.swift in Sources */,
				F2FD09AF272AA28100F8D71A /* ExampleMiddleware.swift in Sources */,
				F2FD0971272AA08F00F8D71A /* ios_reduxApp.swift in Sources */,
				F2079710273034BF00647273 /* Start.swift in Sources */,
				F2FD09A9272AA1B400F8D71A /* State.swift in Sources */,
			);
			runOnlyForDeploymentPostprocessing = 0;
		};
		F2FD0979272AA09A00F8D71A /* Sources */ = {
			isa = PBXSourcesBuildPhase;
			buildActionMask = 2147483647;
			files = (
				F2FD0982272AA09A00F8D71A /* ios_reduxTests.swift in Sources */,
				F2FD09A6272AA1A300F8D71A /* Actions.swift in Sources */,
				F2FD099E272AA18A00F8D71A /* Store.swift in Sources */,
				F2FD09AA272AA1B400F8D71A /* State.swift in Sources */,
				F2FD09B0272AA28100F8D71A /* ExampleMiddleware.swift in Sources */,
				F2FD09A2272AA19A00F8D71A /* Reducer.swift in Sources */,
			);
			runOnlyForDeploymentPostprocessing = 0;
		};
		F2FD0983272AA09A00F8D71A /* Sources */ = {
			isa = PBXSourcesBuildPhase;
			buildActionMask = 2147483647;
			files = (
				F2FD09A7272AA1A300F8D71A /* Actions.swift in Sources */,
				F2FD099F272AA18A00F8D71A /* Store.swift in Sources */,
				F2FD098C272AA09A00F8D71A /* ios_reduxUITests.swift in Sources */,
				F2FD09A3272AA19A00F8D71A /* Reducer.swift in Sources */,
				F2FD09B1272AA28100F8D71A /* ExampleMiddleware.swift in Sources */,
				F2FD098E272AA09A00F8D71A /* ios_reduxUITestsLaunchTests.swift in Sources */,
				F2FD09AB272AA1B400F8D71A /* State.swift in Sources */,
			);
			runOnlyForDeploymentPostprocessing = 0;
		};
/* End PBXSourcesBuildPhase section */

/* Begin PBXTargetDependency section */
		F2FD097F272AA09A00F8D71A /* PBXTargetDependency */ = {
			isa = PBXTargetDependency;
			target = F2FD096C272AA08F00F8D71A /* ios-redux */;
			targetProxy = F2FD097E272AA09A00F8D71A /* PBXContainerItemProxy */;
		};
		F2FD0989272AA09A00F8D71A /* PBXTargetDependency */ = {
			isa = PBXTargetDependency;
			target = F2FD096C272AA08F00F8D71A /* ios-redux */;
			targetProxy = F2FD0988272AA09A00F8D71A /* PBXContainerItemProxy */;
		};
/* End PBXTargetDependency section */

/* Begin XCBuildConfiguration section */
		F2FD098F272AA09A00F8D71A /* Debug */ = {
			isa = XCBuildConfiguration;
			buildSettings = {
				ALWAYS_SEARCH_USER_PATHS = NO;
				CLANG_ANALYZER_NONNULL = YES;
				CLANG_ANALYZER_NUMBER_OBJECT_CONVERSION = YES_AGGRESSIVE;
				CLANG_CXX_LANGUAGE_STANDARD = "gnu++17";
				CLANG_CXX_LIBRARY = "libc++";
				CLANG_ENABLE_MODULES = YES;
				CLANG_ENABLE_OBJC_ARC = YES;
				CLANG_ENABLE_OBJC_WEAK = YES;
				CLANG_WARN_BLOCK_CAPTURE_AUTORELEASING = YES;
				CLANG_WARN_BOOL_CONVERSION = YES;
				CLANG_WARN_COMMA = YES;
				CLANG_WARN_CONSTANT_CONVERSION = YES;
				CLANG_WARN_DEPRECATED_OBJC_IMPLEMENTATIONS = YES;
				CLANG_WARN_DIRECT_OBJC_ISA_USAGE = YES_ERROR;
				CLANG_WARN_DOCUMENTATION_COMMENTS = YES;
				CLANG_WARN_EMPTY_BODY = YES;
				CLANG_WARN_ENUM_CONVERSION = YES;
				CLANG_WARN_INFINITE_RECURSION = YES;
				CLANG_WARN_INT_CONVERSION = YES;
				CLANG_WARN_NON_LITERAL_NULL_CONVERSION = YES;
				CLANG_WARN_OBJC_IMPLICIT_RETAIN_SELF = YES;
				CLANG_WARN_OBJC_LITERAL_CONVERSION = YES;
				CLANG_WARN_OBJC_ROOT_CLASS = YES_ERROR;
				CLANG_WARN_QUOTED_INCLUDE_IN_FRAMEWORK_HEADER = YES;
				CLANG_WARN_RANGE_LOOP_ANALYSIS = YES;
				CLANG_WARN_STRICT_PROTOTYPES = YES;
				CLANG_WARN_SUSPICIOUS_MOVE = YES;
				CLANG_WARN_UNGUARDED_AVAILABILITY = YES_AGGRESSIVE;
				CLANG_WARN_UNREACHABLE_CODE = YES;
				CLANG_WARN__DUPLICATE_METHOD_MATCH = YES;
				COPY_PHASE_STRIP = NO;
				DEBUG_INFORMATION_FORMAT = dwarf;
				ENABLE_STRICT_OBJC_MSGSEND = YES;
				ENABLE_TESTABILITY = YES;
				GCC_C_LANGUAGE_STANDARD = gnu11;
				GCC_DYNAMIC_NO_PIC = NO;
				GCC_NO_COMMON_BLOCKS = YES;
				GCC_OPTIMIZATION_LEVEL = 0;
				GCC_PREPROCESSOR_DEFINITIONS = (
					"DEBUG=1",
					"$(inherited)",
				);
				GCC_WARN_64_TO_32_BIT_CONVERSION = YES;
				GCC_WARN_ABOUT_RETURN_TYPE = YES_ERROR;
				GCC_WARN_UNDECLARED_SELECTOR = YES;
				GCC_WARN_UNINITIALIZED_AUTOS = YES_AGGRESSIVE;
				GCC_WARN_UNUSED_FUNCTION = YES;
				GCC_WARN_UNUSED_VARIABLE = YES;
				IPHONEOS_DEPLOYMENT_TARGET = 15.0;
				MTL_ENABLE_DEBUG_INFO = INCLUDE_SOURCE;
				MTL_FAST_MATH = YES;
				ONLY_ACTIVE_ARCH = YES;
				SDKROOT = iphoneos;
				SWIFT_ACTIVE_COMPILATION_CONDITIONS = DEBUG;
				SWIFT_OPTIMIZATION_LEVEL = "-Onone";
			};
			name = Debug;
		};
		F2FD0990272AA09A00F8D71A /* Release */ = {
			isa = XCBuildConfiguration;
			buildSettings = {
				ALWAYS_SEARCH_USER_PATHS = NO;
				CLANG_ANALYZER_NONNULL = YES;
				CLANG_ANALYZER_NUMBER_OBJECT_CONVERSION = YES_AGGRESSIVE;
				CLANG_CXX_LANGUAGE_STANDARD = "gnu++17";
				CLANG_CXX_LIBRARY = "libc++";
				CLANG_ENABLE_MODULES = YES;
				CLANG_ENABLE_OBJC_ARC = YES;
				CLANG_ENABLE_OBJC_WEAK = YES;
				CLANG_WARN_BLOCK_CAPTURE_AUTORELEASING = YES;
				CLANG_WARN_BOOL_CONVERSION = YES;
				CLANG_WARN_COMMA = YES;
				CLANG_WARN_CONSTANT_CONVERSION = YES;
				CLANG_WARN_DEPRECATED_OBJC_IMPLEMENTATIONS = YES;
				CLANG_WARN_DIRECT_OBJC_ISA_USAGE = YES_ERROR;
				CLANG_WARN_DOCUMENTATION_COMMENTS = YES;
				CLANG_WARN_EMPTY_BODY = YES;
				CLANG_WARN_ENUM_CONVERSION = YES;
				CLANG_WARN_INFINITE_RECURSION = YES;
				CLANG_WARN_INT_CONVERSION = YES;
				CLANG_WARN_NON_LITERAL_NULL_CONVERSION = YES;
				CLANG_WARN_OBJC_IMPLICIT_RETAIN_SELF = YES;
				CLANG_WARN_OBJC_LITERAL_CONVERSION = YES;
				CLANG_WARN_OBJC_ROOT_CLASS = YES_ERROR;
				CLANG_WARN_QUOTED_INCLUDE_IN_FRAMEWORK_HEADER = YES;
				CLANG_WARN_RANGE_LOOP_ANALYSIS = YES;
				CLANG_WARN_STRICT_PROTOTYPES = YES;
				CLANG_WARN_SUSPICIOUS_MOVE = YES;
				CLANG_WARN_UNGUARDED_AVAILABILITY = YES_AGGRESSIVE;
				CLANG_WARN_UNREACHABLE_CODE = YES;
				CLANG_WARN__DUPLICATE_METHOD_MATCH = YES;
				COPY_PHASE_STRIP = NO;
				DEBUG_INFORMATION_FORMAT = "dwarf-with-dsym";
				ENABLE_NS_ASSERTIONS = NO;
				ENABLE_STRICT_OBJC_MSGSEND = YES;
				GCC_C_LANGUAGE_STANDARD = gnu11;
				GCC_NO_COMMON_BLOCKS = YES;
				GCC_WARN_64_TO_32_BIT_CONVERSION = YES;
				GCC_WARN_ABOUT_RETURN_TYPE = YES_ERROR;
				GCC_WARN_UNDECLARED_SELECTOR = YES;
				GCC_WARN_UNINITIALIZED_AUTOS = YES_AGGRESSIVE;
				GCC_WARN_UNUSED_FUNCTION = YES;
				GCC_WARN_UNUSED_VARIABLE = YES;
				IPHONEOS_DEPLOYMENT_TARGET = 15.0;
				MTL_ENABLE_DEBUG_INFO = NO;
				MTL_FAST_MATH = YES;
				SDKROOT = iphoneos;
				SWIFT_COMPILATION_MODE = wholemodule;
				SWIFT_OPTIMIZATION_LEVEL = "-O";
				VALIDATE_PRODUCT = YES;
			};
			name = Release;
		};
		F2FD0992272AA09A00F8D71A /* Debug */ = {
			isa = XCBuildConfiguration;
			buildSettings = {
				ASSETCATALOG_COMPILER_APPICON_NAME = AppIcon;
				ASSETCATALOG_COMPILER_GLOBAL_ACCENT_COLOR_NAME = AccentColor;
				CODE_SIGN_STYLE = Automatic;
				CURRENT_PROJECT_VERSION = 1;
				DEVELOPMENT_ASSET_PATHS = "\"ios-redux/Preview Content\"";
				DEVELOPMENT_TEAM = KT423RWN8D;
				ENABLE_PREVIEWS = YES;
				GENERATE_INFOPLIST_FILE = YES;
				INFOPLIST_KEY_UIApplicationSceneManifest_Generation = YES;
				INFOPLIST_KEY_UIApplicationSupportsIndirectInputEvents = YES;
				INFOPLIST_KEY_UILaunchScreen_Generation = YES;
				INFOPLIST_KEY_UISupportedInterfaceOrientations_iPad = "UIInterfaceOrientationPortrait UIInterfaceOrientationPortraitUpsideDown UIInterfaceOrientationLandscapeLeft UIInterfaceOrientationLandscapeRight";
				INFOPLIST_KEY_UISupportedInterfaceOrientations_iPhone = "UIInterfaceOrientationPortrait UIInterfaceOrientationLandscapeLeft UIInterfaceOrientationLandscapeRight";
				IPHONEOS_DEPLOYMENT_TARGET = 14.0;
				LD_RUNPATH_SEARCH_PATHS = (
					"$(inherited)",
					"@executable_path/Frameworks",
				);
				MARKETING_VERSION = 1.0;
				PRODUCT_BUNDLE_IDENTIFIER = "ios.redux.ios-redux";
				PRODUCT_NAME = "$(TARGET_NAME)";
				SWIFT_EMIT_LOC_STRINGS = YES;
				SWIFT_VERSION = 5.0;
				TARGETED_DEVICE_FAMILY = "1,2";
			};
			name = Debug;
		};
		F2FD0993272AA09A00F8D71A /* Release */ = {
			isa = XCBuildConfiguration;
			buildSettings = {
				ASSETCATALOG_COMPILER_APPICON_NAME = AppIcon;
				ASSETCATALOG_COMPILER_GLOBAL_ACCENT_COLOR_NAME = AccentColor;
				CODE_SIGN_STYLE = Automatic;
				CURRENT_PROJECT_VERSION = 1;
				DEVELOPMENT_ASSET_PATHS = "\"ios-redux/Preview Content\"";
				DEVELOPMENT_TEAM = KT423RWN8D;
				ENABLE_PREVIEWS = YES;
				GENERATE_INFOPLIST_FILE = YES;
				INFOPLIST_KEY_UIApplicationSceneManifest_Generation = YES;
				INFOPLIST_KEY_UIApplicationSupportsIndirectInputEvents = YES;
				INFOPLIST_KEY_UILaunchScreen_Generation = YES;
				INFOPLIST_KEY_UISupportedInterfaceOrientations_iPad = "UIInterfaceOrientationPortrait UIInterfaceOrientationPortraitUpsideDown UIInterfaceOrientationLandscapeLeft UIInterfaceOrientationLandscapeRight";
				INFOPLIST_KEY_UISupportedInterfaceOrientations_iPhone = "UIInterfaceOrientationPortrait UIInterfaceOrientationLandscapeLeft UIInterfaceOrientationLandscapeRight";
				IPHONEOS_DEPLOYMENT_TARGET = 14.0;
				LD_RUNPATH_SEARCH_PATHS = (
					"$(inherited)",
					"@executable_path/Frameworks",
				);
				MARKETING_VERSION = 1.0;
				PRODUCT_BUNDLE_IDENTIFIER = "ios.redux.ios-redux";
				PRODUCT_NAME = "$(TARGET_NAME)";
				SWIFT_EMIT_LOC_STRINGS = YES;
				SWIFT_VERSION = 5.0;
				TARGETED_DEVICE_FAMILY = "1,2";
			};
			name = Release;
		};
		F2FD0995272AA09A00F8D71A /* Debug */ = {
			isa = XCBuildConfiguration;
			buildSettings = {
				ALWAYS_EMBED_SWIFT_STANDARD_LIBRARIES = YES;
				BUNDLE_LOADER = "$(TEST_HOST)";
				CODE_SIGN_STYLE = Automatic;
				CURRENT_PROJECT_VERSION = 1;
				DEVELOPMENT_TEAM = KT423RWN8D;
				GENERATE_INFOPLIST_FILE = YES;
				IPHONEOS_DEPLOYMENT_TARGET = 14.0;
				LD_RUNPATH_SEARCH_PATHS = (
					"$(inherited)",
					"@executable_path/Frameworks",
					"@loader_path/Frameworks",
				);
				MARKETING_VERSION = 1.0;
				PRODUCT_BUNDLE_IDENTIFIER = "ios.redux.ios-reduxTests";
				PRODUCT_NAME = "$(TARGET_NAME)";
				SWIFT_EMIT_LOC_STRINGS = NO;
				SWIFT_VERSION = 5.0;
				TARGETED_DEVICE_FAMILY = "1,2";
				TEST_HOST = "$(BUILT_PRODUCTS_DIR)/ios-redux.app/ios-redux";
			};
			name = Debug;
		};
		F2FD0996272AA09A00F8D71A /* Release */ = {
			isa = XCBuildConfiguration;
			buildSettings = {
				ALWAYS_EMBED_SWIFT_STANDARD_LIBRARIES = YES;
				BUNDLE_LOADER = "$(TEST_HOST)";
				CODE_SIGN_STYLE = Automatic;
				CURRENT_PROJECT_VERSION = 1;
				DEVELOPMENT_TEAM = KT423RWN8D;
				GENERATE_INFOPLIST_FILE = YES;
				IPHONEOS_DEPLOYMENT_TARGET = 14.0;
				LD_RUNPATH_SEARCH_PATHS = (
					"$(inherited)",
					"@executable_path/Frameworks",
					"@loader_path/Frameworks",
				);
				MARKETING_VERSION = 1.0;
				PRODUCT_BUNDLE_IDENTIFIER = "ios.redux.ios-reduxTests";
				PRODUCT_NAME = "$(TARGET_NAME)";
				SWIFT_EMIT_LOC_STRINGS = NO;
				SWIFT_VERSION = 5.0;
				TARGETED_DEVICE_FAMILY = "1,2";
				TEST_HOST = "$(BUILT_PRODUCTS_DIR)/ios-redux.app/ios-redux";
			};
			name = Release;
		};
		F2FD0998272AA09A00F8D71A /* Debug */ = {
			isa = XCBuildConfiguration;
			buildSettings = {
				ALWAYS_EMBED_SWIFT_STANDARD_LIBRARIES = YES;
				CODE_SIGN_STYLE = Automatic;
				CURRENT_PROJECT_VERSION = 1;
				DEVELOPMENT_TEAM = KT423RWN8D;
				GENERATE_INFOPLIST_FILE = YES;
				LD_RUNPATH_SEARCH_PATHS = (
					"$(inherited)",
					"@executable_path/Frameworks",
					"@loader_path/Frameworks",
				);
				MARKETING_VERSION = 1.0;
				PRODUCT_BUNDLE_IDENTIFIER = "ios.redux.ios-reduxUITests";
				PRODUCT_NAME = "$(TARGET_NAME)";
				SWIFT_EMIT_LOC_STRINGS = NO;
				SWIFT_VERSION = 5.0;
				TARGETED_DEVICE_FAMILY = "1,2";
				TEST_TARGET_NAME = "ios-redux";
			};
			name = Debug;
		};
		F2FD0999272AA09A00F8D71A /* Release */ = {
			isa = XCBuildConfiguration;
			buildSettings = {
				ALWAYS_EMBED_SWIFT_STANDARD_LIBRARIES = YES;
				CODE_SIGN_STYLE = Automatic;
				CURRENT_PROJECT_VERSION = 1;
				DEVELOPMENT_TEAM = KT423RWN8D;
				GENERATE_INFOPLIST_FILE = YES;
				LD_RUNPATH_SEARCH_PATHS = (
					"$(inherited)",
					"@executable_path/Frameworks",
					"@loader_path/Frameworks",
				);
				MARKETING_VERSION = 1.0;
				PRODUCT_BUNDLE_IDENTIFIER = "ios.redux.ios-reduxUITests";
				PRODUCT_NAME = "$(TARGET_NAME)";
				SWIFT_EMIT_LOC_STRINGS = NO;
				SWIFT_VERSION = 5.0;
				TARGETED_DEVICE_FAMILY = "1,2";
				TEST_TARGET_NAME = "ios-redux";
			};
			name = Release;
		};
/* End XCBuildConfiguration section */

/* Begin XCConfigurationList section */
		F2FD0968272AA08F00F8D71A /* Build configuration list for PBXProject "ios-redux" */ = {
			isa = XCConfigurationList;
			buildConfigurations = (
				F2FD098F272AA09A00F8D71A /* Debug */,
				F2FD0990272AA09A00F8D71A /* Release */,
			);
			defaultConfigurationIsVisible = 0;
			defaultConfigurationName = Release;
		};
		F2FD0991272AA09A00F8D71A /* Build configuration list for PBXNativeTarget "ios-redux" */ = {
			isa = XCConfigurationList;
			buildConfigurations = (
				F2FD0992272AA09A00F8D71A /* Debug */,
				F2FD0993272AA09A00F8D71A /* Release */,
			);
			defaultConfigurationIsVisible = 0;
			defaultConfigurationName = Release;
		};
		F2FD0994272AA09A00F8D71A /* Build configuration list for PBXNativeTarget "ios-reduxTests" */ = {
			isa = XCConfigurationList;
			buildConfigurations = (
				F2FD0995272AA09A00F8D71A /* Debug */,
				F2FD0996272AA09A00F8D71A /* Release */,
			);
			defaultConfigurationIsVisible = 0;
			defaultConfigurationName = Release;
		};
		F2FD0997272AA09A00F8D71A /* Build configuration list for PBXNativeTarget "ios-reduxUITests" */ = {
			isa = XCConfigurationList;
			buildConfigurations = (
				F2FD0998272AA09A00F8D71A /* Debug */,
				F2FD0999272AA09A00F8D71A /* Release */,
			);
			defaultConfigurationIsVisible = 0;
			defaultConfigurationName = Release;
		};
/* End XCConfigurationList section */
	};
	rootObject = F2FD0965272AA08F00F8D71A /* Project object */;
}
